# THIS IS AN AUTOGENERATED FILE. DO NOT EDIT THIS FILE DIRECTLY.
# yarn lockfile v1


lucide-react@^0.511.0:
  version "0.511.0"
  resolved "https://registry.yarnpkg.com/lucide-react/-/lucide-react-0.511.0.tgz#1dfef3065c725ac83f5fe0a6f02d1e0b0c36e641"
  integrity sha512-VK5a2ydJ7xm8GvBeKLS9mu1pVK6ucef9780JVUjw6bAjJL/QXnd4Y0p7SPeOUMC27YhzNCZvm5d/QX0Tp3rc0w==
